// !$*UTF8*$!
{
	archiveVersion = 1;
	classes = {
	};
	objectVersion = 50;
	objects = {

/* Begin PBXBuildFile section */
		74421DE024A01B93009D0BE8 /* StartAtLoginController.swift in Sources */ = {isa = PBXBuildFile; fileRef = 74421DDF24A01B93009D0BE8 /* StartAtLoginController.swift */; };
		7460BC44249E751B004091F1 /* ServiceManagement.framework in Frameworks */ = {isa = PBXBuildFile; fileRef = 7460BC43249E751B004091F1 /* ServiceManagement.framework */; };
		7460BC48249E7611004091F1 /* CpuinfoImage.swift in Sources */ = {isa = PBXBuildFile; fileRef = 7460BC47249E7611004091F1 /* CpuinfoImage.swift */; };
		7460BC4A249E7623004091F1 /* Cpuinfo.swift in Sources */ = {isa = PBXBuildFile; fileRef = 7460BC49249E7623004091F1 /* Cpuinfo.swift */; };
		74D0D34124A78F7D0018FFB3 /* helper.app in Copy Helper App */ = {isa = PBXBuildFile; fileRef = 74421DDE24A01B8B009D0BE8 /* helper.app */; settings = {ATTRIBUTES = (RemoveHeadersOnCopy, ); }; };
		74F7143E249E7324007930C0 /* CpuinfoDelegate.swift in Sources */ = {isa = PBXBuildFile; fileRef = 74F7143D249E7324007930C0 /* CpuinfoDelegate.swift */; };
		74F71440249E7325007930C0 /* Images.xcassets in Resources */ = {isa = PBXBuildFile; fileRef = 74F7143F249E7325007930C0 /* Images.xcassets */; };
		74F71443249E7325007930C0 /* MainMenu.xib in Resources */ = {isa = PBXBuildFile; fileRef = 74F71441249E7325007930C0 /* MainMenu.xib */; };
/* End PBXBuildFile section */

/* Begin PBXContainerItemProxy section */
		74421DDD24A01B8B009D0BE8 /* PBXContainerItemProxy */ = {
			isa = PBXContainerItemProxy;
			containerPortal = 74421DD924A01B8B009D0BE8 /* helper.xcodeproj */;
			proxyType = 2;
			remoteGlobalIDString = 74E73D98249E7D3D0020F4B0;
			remoteInfo = helper;
		};
/* End PBXContainerItemProxy section */

/* Begin PBXCopyFilesBuildPhase section */
		74D0D33F24A78F6C0018FFB3 /* Copy Helper App */ = {
			isa = PBXCopyFilesBuildPhase;
			buildActionMask = 2147483647;
			dstPath = Contents/Library/LoginItems;
			dstSubfolderSpec = 1;
			files = (
				74D0D34124A78F7D0018FFB3 /* helper.app in Copy Helper App */,
			);
			name = "Copy Helper App";
			runOnlyForDeploymentPostprocessing = 0;
		};
/* End PBXCopyFilesBuildPhase section */

/* Begin PBXFileReference section */
		74421DD924A01B8B009D0BE8 /* helper.xcodeproj */ = {isa = PBXFileReference; lastKnownFileType = "wrapper.pb-project"; name = helper.xcodeproj; path = helper/helper.xcodeproj; sourceTree = "<group>"; };
		74421DDF24A01B93009D0BE8 /* StartAtLoginController.swift */ = {isa = PBXFileReference; fileEncoding = 4; lastKnownFileType = sourcecode.swift; path = StartAtLoginController.swift; sourceTree = "<group>"; };
		7460BC43249E751B004091F1 /* ServiceManagement.framework */ = {isa = PBXFileReference; lastKnownFileType = wrapper.framework; name = ServiceManagement.framework; path = System/Library/Frameworks/ServiceManagement.framework; sourceTree = SDKROOT; };
		7460BC47249E7611004091F1 /* CpuinfoImage.swift */ = {isa = PBXFileReference; lastKnownFileType = sourcecode.swift; path = CpuinfoImage.swift; sourceTree = "<group>"; };
		7460BC49249E7623004091F1 /* Cpuinfo.swift */ = {isa = PBXFileReference; lastKnownFileType = sourcecode.swift; path = Cpuinfo.swift; sourceTree = "<group>"; };
		74F7143A249E7324007930C0 /* cpuinfo.app */ = {isa = PBXFileReference; explicitFileType = wrapper.application; includeInIndex = 0; path = cpuinfo.app; sourceTree = BUILT_PRODUCTS_DIR; };
		74F7143D249E7324007930C0 /* CpuinfoDelegate.swift */ = {isa = PBXFileReference; lastKnownFileType = sourcecode.swift; path = CpuinfoDelegate.swift; sourceTree = "<group>"; };
		74F7143F249E7325007930C0 /* Images.xcassets */ = {isa = PBXFileReference; lastKnownFileType = folder.assetcatalog; path = Images.xcassets; sourceTree = "<group>"; };
		74F71444249E7325007930C0 /* cpuinfo.plist */ = {isa = PBXFileReference; lastKnownFileType = text.plist.xml; path = cpuinfo.plist; sourceTree = "<group>"; };
		74F71445249E7325007930C0 /* cpuinfo.entitlements */ = {isa = PBXFileReference; lastKnownFileType = text.plist.entitlements; path = cpuinfo.entitlements; sourceTree = "<group>"; };
		74F7144C249E7398007930C0 /* cpuinfo.xcconfig */ = {isa = PBXFileReference; fileEncoding = 4; lastKnownFileType = text.xcconfig; path = cpuinfo.xcconfig; sourceTree = "<group>"; };
		74F7144F249E746A007930C0 /* ja */ = {isa = PBXFileReference; lastKnownFileType = file.xib; name = ja; path = ja.lproj/MainMenu.xib; sourceTree = "<group>"; };
		74F71450249E746A007930C0 /* en */ = {isa = PBXFileReference; lastKnownFileType = file.xib; name = en; path = en.lproj/MainMenu.xib; sourceTree = "<group>"; };
/* End PBXFileReference section */

/* Begin PBXFrameworksBuildPhase section */
		74F71437249E7323007930C0 /* Frameworks */ = {
			isa = PBXFrameworksBuildPhase;
			buildActionMask = 2147483647;
			files = (
				7460BC44249E751B004091F1 /* ServiceManagement.framework in Frameworks */,
			);
			runOnlyForDeploymentPostprocessing = 0;
		};
/* End PBXFrameworksBuildPhase section */

/* Begin PBXGroup section */
		74421DDA24A01B8B009D0BE8 /* Products */ = {
			isa = PBXGroup;
			children = (
				74421DDE24A01B8B009D0BE8 /* helper.app */,
			);
			name = Products;
			sourceTree = "<group>";
		};
		7460BC42249E751B004091F1 /* Frameworks */ = {
			isa = PBXGroup;
			children = (
				7460BC43249E751B004091F1 /* ServiceManagement.framework */,
			);
			name = Frameworks;
			sourceTree = "<group>";
		};
		74F71431249E7323007930C0 = {
			isa = PBXGroup;
			children = (
				74421DD924A01B8B009D0BE8 /* helper.xcodeproj */,
				74F71444249E7325007930C0 /* cpuinfo.plist */,
				74F7144C249E7398007930C0 /* cpuinfo.xcconfig */,
				74F71445249E7325007930C0 /* cpuinfo.entitlements */,
				74F7144B249E733C007930C0 /* res */,
				74F7143C249E7324007930C0 /* src */,
				74F7143B249E7324007930C0 /* Products */,
				7460BC42249E751B004091F1 /* Frameworks */,
			);
			sourceTree = "<group>";
		};
		74F7143B249E7324007930C0 /* Products */ = {
			isa = PBXGroup;
			children = (
				74F7143A249E7324007930C0 /* cpuinfo.app */,
			);
			name = Products;
			sourceTree = "<group>";
		};
		74F7143C249E7324007930C0 /* src */ = {
			isa = PBXGroup;
			children = (
				74421DDF24A01B93009D0BE8 /* StartAtLoginController.swift */,
				74F7143D249E7324007930C0 /* CpuinfoDelegate.swift */,
				7460BC47249E7611004091F1 /* CpuinfoImage.swift */,
				7460BC49249E7623004091F1 /* Cpuinfo.swift */,
			);
			path = src;
			sourceTree = "<group>";
		};
		74F7144B249E733C007930C0 /* res */ = {
			isa = PBXGroup;
			children = (
				74F7143F249E7325007930C0 /* Images.xcassets */,
				74F71441249E7325007930C0 /* MainMenu.xib */,
			);
			path = res;
			sourceTree = "<group>";
		};
/* End PBXGroup section */

/* Begin PBXNativeTarget section */
		74F71439249E7323007930C0 /* cpuinfo */ = {
			isa = PBXNativeTarget;
			buildConfigurationList = 74F71448249E7325007930C0 /* Build configuration list for PBXNativeTarget "cpuinfo" */;
			buildPhases = (
				74F71436249E7323007930C0 /* Sources */,
				74F71437249E7323007930C0 /* Frameworks */,
				74F71438249E7323007930C0 /* Resources */,
				74D0D33F24A78F6C0018FFB3 /* Copy Helper App */,
			);
			buildRules = (
			);
			dependencies = (
			);
			name = cpuinfo;
			productName = cpuinfo;
			productReference = 74F7143A249E7324007930C0 /* cpuinfo.app */;
			productType = "com.apple.product-type.application";
		};
/* End PBXNativeTarget section */

/* Begin PBXProject section */
		74F71432249E7323007930C0 /* Project object */ = {
			isa = PBXProject;
			attributes = {
				LastSwiftUpdateCheck = 1150;
				LastUpgradeCheck = 1150;
				ORGANIZATIONNAME = "Yusuke Shibata";
				TargetAttributes = {
					74F71439249E7323007930C0 = {
						CreatedOnToolsVersion = 11.5;
					};
				};
			};
			buildConfigurationList = 74F71435249E7323007930C0 /* Build configuration list for PBXProject "cpuinfo" */;
			compatibilityVersion = "Xcode 9.3";
			developmentRegion = en;
			hasScannedForEncodings = 0;
			knownRegions = (
				en,
				ja,
			);
			mainGroup = 74F71431249E7323007930C0;
			productRefGroup = 74F7143B249E7324007930C0 /* Products */;
			projectDirPath = "";
			projectReferences = (
				{
					ProductGroup = 74421DDA24A01B8B009D0BE8 /* Products */;
					ProjectRef = 74421DD924A01B8B009D0BE8 /* helper.xcodeproj */;
				},
			);
			projectRoot = "";
			targets = (
				74F71439249E7323007930C0 /* cpuinfo */,
			);
		};
/* End PBXProject section */

/* Begin PBXReferenceProxy section */
		74421DDE24A01B8B009D0BE8 /* helper.app */ = {
			isa = PBXReferenceProxy;
			fileType = wrapper.application;
			path = helper.app;
			remoteRef = 74421DDD24A01B8B009D0BE8 /* PBXContainerItemProxy */;
			sourceTree = BUILT_PRODUCTS_DIR;
		};
/* End PBXReferenceProxy section */

/* Begin PBXResourcesBuildPhase section */
		74F71438249E7323007930C0 /* Resources */ = {
			isa = PBXResourcesBuildPhase;
			buildActionMask = 2147483647;
			files = (
				74F71440249E7325007930C0 /* Images.xcassets in Resources */,
				74F71443249E7325007930C0 /* MainMenu.xib in Resources */,
			);
			runOnlyForDeploymentPostprocessing = 0;
		};
/* End PBXResourcesBuildPhase section */

/* Begin PBXSourcesBuildPhase section */
		74F71436249E7323007930C0 /* Sources */ = {
			isa = PBXSourcesBuildPhase;
			buildActionMask = 2147483647;
			files = (
				7460BC4A249E7623004091F1 /* Cpuinfo.swift in Sources */,
				74F7143E249E7324007930C0 /* CpuinfoDelegate.swift in Sources */,
				7460BC48249E7611004091F1 /* CpuinfoImage.swift in Sources */,
				74421DE024A01B93009D0BE8 /* StartAtLoginController.swift in Sources */,
			);
			runOnlyForDeploymentPostprocessing = 0;
		};
/* End PBXSourcesBuildPhase section */

/* Begin PBXVariantGroup section */
		74F71441249E7325007930C0 /* MainMenu.xib */ = {
			isa = PBXVariantGroup;
			children = (
				74F7144F249E746A007930C0 /* ja */,
				74F71450249E746A007930C0 /* en */,
			);
			name = MainMenu.xib;
			sourceTree = "<group>";
		};
/* End PBXVariantGroup section */

/* Begin XCBuildConfiguration section */
		74F71446249E7325007930C0 /* Debug */ = {
			isa = XCBuildConfiguration;
			baseConfigurationReference = 74F7144C249E7398007930C0 /* cpuinfo.xcconfig */;
			buildSettings = {
				ALWAYS_SEARCH_USER_PATHS = NO;
				CLANG_ANALYZER_LOCALIZABILITY_NONLOCALIZED = YES;
				CLANG_ANALYZER_NONNULL = YES;
				CLANG_ANALYZER_NUMBER_OBJECT_CONVERSION = YES_AGGRESSIVE;
				CLANG_CXX_LANGUAGE_STANDARD = "gnu++14";
				CLANG_CXX_LIBRARY = "libc++";
				CLANG_ENABLE_MODULES = YES;
				CLANG_ENABLE_OBJC_ARC = YES;
				CLANG_ENABLE_OBJC_WEAK = YES;
				CLANG_WARN_BLOCK_CAPTURE_AUTORELEASING = YES;
				CLANG_WARN_BOOL_CONVERSION = YES;
				CLANG_WARN_COMMA = YES;
				CLANG_WARN_CONSTANT_CONVERSION = YES;
				CLANG_WARN_DEPRECATED_OBJC_IMPLEMENTATIONS = YES;
				CLANG_WARN_DIRECT_OBJC_ISA_USAGE = YES_ERROR;
				CLANG_WARN_DOCUMENTATION_COMMENTS = YES;
				CLANG_WARN_EMPTY_BODY = YES;
				CLANG_WARN_ENUM_CONVERSION = YES;
				CLANG_WARN_INFINITE_RECURSION = YES;
				CLANG_WARN_INT_CONVERSION = YES;
				CLANG_WARN_NON_LITERAL_NULL_CONVERSION = YES;
				CLANG_WARN_OBJC_IMPLICIT_RETAIN_SELF = YES;
				CLANG_WARN_OBJC_LITERAL_CONVERSION = YES;
				CLANG_WARN_OBJC_ROOT_CLASS = YES_ERROR;
				CLANG_WARN_RANGE_LOOP_ANALYSIS = YES;
				CLANG_WARN_STRICT_PROTOTYPES = YES;
				CLANG_WARN_SUSPICIOUS_MOVE = YES;
				CLANG_WARN_UNGUARDED_AVAILABILITY = YES_AGGRESSIVE;
				CLANG_WARN_UNREACHABLE_CODE = YES;
				CLANG_WARN__DUPLICATE_METHOD_MATCH = YES;
				COPY_PHASE_STRIP = NO;
				DEBUG_INFORMATION_FORMAT = dwarf;
				ENABLE_STRICT_OBJC_MSGSEND = YES;
				ENABLE_TESTABILITY = YES;
				GCC_C_LANGUAGE_STANDARD = gnu11;
				GCC_DYNAMIC_NO_PIC = NO;
				GCC_NO_COMMON_BLOCKS = YES;
				GCC_OPTIMIZATION_LEVEL = 0;
				GCC_PREPROCESSOR_DEFINITIONS = (
					"DEBUG=1",
					"$(inherited)",
				);
				GCC_WARN_64_TO_32_BIT_CONVERSION = YES;
				GCC_WARN_ABOUT_RETURN_TYPE = YES_ERROR;
				GCC_WARN_UNDECLARED_SELECTOR = YES;
				GCC_WARN_UNINITIALIZED_AUTOS = YES_AGGRESSIVE;
				GCC_WARN_UNUSED_FUNCTION = YES;
				GCC_WARN_UNUSED_VARIABLE = YES;
				MACOSX_DEPLOYMENT_TARGET = 10.12;
				MTL_ENABLE_DEBUG_INFO = INCLUDE_SOURCE;
				MTL_FAST_MATH = YES;
				ONLY_ACTIVE_ARCH = YES;
				SDKROOT = macosx;
				SWIFT_ACTIVE_COMPILATION_CONDITIONS = DEBUG;
				SWIFT_OPTIMIZATION_LEVEL = "-Onone";
			};
			name = Debug;
		};
		74F71447249E7325007930C0 /* Release */ = {
			isa = XCBuildConfiguration;
			baseConfigurationReference = 74F7144C249E7398007930C0 /* cpuinfo.xcconfig */;
			buildSettings = {
				ALWAYS_SEARCH_USER_PATHS = NO;
				CLANG_ANALYZER_LOCALIZABILITY_NONLOCALIZED = YES;
				CLANG_ANALYZER_NONNULL = YES;
				CLANG_ANALYZER_NUMBER_OBJECT_CONVERSION = YES_AGGRESSIVE;
				CLANG_CXX_LANGUAGE_STANDARD = "gnu++14";
				CLANG_CXX_LIBRARY = "libc++";
				CLANG_ENABLE_MODULES = YES;
				CLANG_ENABLE_OBJC_ARC = YES;
				CLANG_ENABLE_OBJC_WEAK = YES;
				CLANG_WARN_BLOCK_CAPTURE_AUTORELEASING = YES;
				CLANG_WARN_BOOL_CONVERSION = YES;
				CLANG_WARN_COMMA = YES;
				CLANG_WARN_CONSTANT_CONVERSION = YES;
				CLANG_WARN_DEPRECATED_OBJC_IMPLEMENTATIONS = YES;
				CLANG_WARN_DIRECT_OBJC_ISA_USAGE = YES_ERROR;
				CLANG_WARN_DOCUMENTATION_COMMENTS = YES;
				CLANG_WARN_EMPTY_BODY = YES;
				CLANG_WARN_ENUM_CONVERSION = YES;
				CLANG_WARN_INFINITE_RECURSION = YES;
				CLANG_WARN_INT_CONVERSION = YES;
				CLANG_WARN_NON_LITERAL_NULL_CONVERSION = YES;
				CLANG_WARN_OBJC_IMPLICIT_RETAIN_SELF = YES;
				CLANG_WARN_OBJC_LITERAL_CONVERSION = YES;
				CLANG_WARN_OBJC_ROOT_CLASS = YES_ERROR;
				CLANG_WARN_RANGE_LOOP_ANALYSIS = YES;
				CLANG_WARN_STRICT_PROTOTYPES = YES;
				CLANG_WARN_SUSPICIOUS_MOVE = YES;
				CLANG_WARN_UNGUARDED_AVAILABILITY = YES_AGGRESSIVE;
				CLANG_WARN_UNREACHABLE_CODE = YES;
				CLANG_WARN__DUPLICATE_METHOD_MATCH = YES;
				COPY_PHASE_STRIP = NO;
				DEBUG_INFORMATION_FORMAT = "dwarf-with-dsym";
				ENABLE_NS_ASSERTIONS = NO;
				ENABLE_STRICT_OBJC_MSGSEND = YES;
				GCC_C_LANGUAGE_STANDARD = gnu11;
				GCC_NO_COMMON_BLOCKS = YES;
				GCC_WARN_64_TO_32_BIT_CONVERSION = YES;
				GCC_WARN_ABOUT_RETURN_TYPE = YES_ERROR;
				GCC_WARN_UNDECLARED_SELECTOR = YES;
				GCC_WARN_UNINITIALIZED_AUTOS = YES_AGGRESSIVE;
				GCC_WARN_UNUSED_FUNCTION = YES;
				GCC_WARN_UNUSED_VARIABLE = YES;
				MACOSX_DEPLOYMENT_TARGET = 10.12;
				MTL_ENABLE_DEBUG_INFO = NO;
				MTL_FAST_MATH = YES;
				SDKROOT = macosx;
				SWIFT_COMPILATION_MODE = wholemodule;
				SWIFT_OPTIMIZATION_LEVEL = "-O";
			};
			name = Release;
		};
		74F71449249E7325007930C0 /* Debug */ = {
			isa = XCBuildConfiguration;
			buildSettings = {
				ASSETCATALOG_COMPILER_APPICON_NAME = AppIcon;
				CODE_SIGN_ENTITLEMENTS = cpuinfo.entitlements;
				CODE_SIGN_IDENTITY = "Apple Development";
				CODE_SIGN_STYLE = Automatic;
				COMBINE_HIDPI_IMAGES = YES;
				CURRENT_PROJECT_VERSION = 229;
				DEVELOPMENT_TEAM = 4TZUUASNPN;
				ENABLE_HARDENED_RUNTIME = YES;
				FRAMEWORK_SEARCH_PATHS = (
					"$(inherited)",
					"$(PROJECT_DIR)/Carthage/Build/Mac",
				);
				INFOPLIST_FILE = cpuinfo.plist;
				LD_RUNPATH_SEARCH_PATHS = (
					"$(inherited)",
					"@executable_path/../Frameworks",
				);
				MACOSX_DEPLOYMENT_TARGET = 10.12;
				MARKETING_VERSION = 1.4.5;
				PRODUCT_BUNDLE_IDENTIFIER = io.fata.shibata.cpuinfo;
				PRODUCT_NAME = "$(TARGET_NAME)";
				SWIFT_VERSION = 5.0;
			};
			name = Debug;
		};
		74F7144A249E7325007930C0 /* Release */ = {
			isa = XCBuildConfiguration;
			buildSettings = {
				ASSETCATALOG_COMPILER_APPICON_NAME = AppIcon;
				CODE_SIGN_ENTITLEMENTS = cpuinfo.entitlements;
				CODE_SIGN_IDENTITY = "Apple Development";
				CODE_SIGN_STYLE = Automatic;
				COMBINE_HIDPI_IMAGES = YES;
				CURRENT_PROJECT_VERSION = 229;
				DEVELOPMENT_TEAM = 4TZUUASNPN;
				ENABLE_HARDENED_RUNTIME = YES;
				FRAMEWORK_SEARCH_PATHS = (
					"$(inherited)",
					"$(PROJECT_DIR)/Carthage/Build/Mac",
				);
				INFOPLIST_FILE = cpuinfo.plist;
				LD_RUNPATH_SEARCH_PATHS = (
					"$(inherited)",
					"@executable_path/../Frameworks",
				);
				MACOSX_DEPLOYMENT_TARGET = 10.12;
				MARKETING_VERSION = 1.4.5;
				PRODUCT_BUNDLE_IDENTIFIER = io.fata.shibata.cpuinfo;
				PRODUCT_NAME = "$(TARGET_NAME)";
				SWIFT_VERSION = 5.0;
			};
			name = Release;
		};
/* End XCBuildConfiguration section */

/* Begin XCConfigurationList section */
		74F71435249E7323007930C0 /* Build configuration list for PBXProject "cpuinfo" */ = {
			isa = XCConfigurationList;
			buildConfigurations = (
				74F71446249E7325007930C0 /* Debug */,
				74F71447249E7325007930C0 /* Release */,
			);
			defaultConfigurationIsVisible = 0;
			defaultConfigurationName = Release;
		};
		74F71448249E7325007930C0 /* Build configuration list for PBXNativeTarget "cpuinfo" */ = {
			isa = XCConfigurationList;
			buildConfigurations = (
				74F71449249E7325007930C0 /* Debug */,
				74F7144A249E7325007930C0 /* Release */,
			);
			defaultConfigurationIsVisible = 0;
			defaultConfigurationName = Release;
		};
/* End XCConfigurationList section */
	};
	rootObject = 74F71432249E7323007930C0 /* Project object */;
}
